
Microsoft Visual Studio Solution File, Format Version 12.00
# Visual Studio 15
VisualStudioVersion = 15.0.27130.2003
MinimumVisualStudioVersion = 10.0.40219.1
Project("{9A19103F-16F7-4668-BE54-9A1E7A4F7556}") = "SportsStore", "SportStore\SportsStore.csproj", "{AACF605B-D4A6-4B91-92E8-B7DEE6287D5E}"
EndProject
Project("{9A19103F-16F7-4668-BE54-9A1E7A4F7556}") = "SportsStore.Test", "SportsStore.Test\SportsStore.Test.csproj", "{C44148EA-5401-42C6-8A8A-E8DABD2580BD}"
EndProject
Global
	GlobalSection(SolutionConfigurationPlatforms) = preSolution
		Debug|Any CPU = Debug|Any CPU
		Release|Any CPU = Release|Any CPU
	EndGlobalSection
	GlobalSection(ProjectConfigurationPlatforms) = postSolution
		{AACF605B-D4A6-4B91-92E8-B7DEE6287D5E}.Debug|Any CPU.ActiveCfg = Debug|Any CPU
		{AACF605B-D4A6-4B91-92E8-B7DEE6287D5E}.Debug|Any CPU.Build.0 = Debug|Any CPU
		{AACF605B-D4A6-4B91-92E8-B7DEE6287D5E}.Release|Any CPU.ActiveCfg = Release|Any CPU
		{AACF605B-D4A6-4B91-92E8-B7DEE6287D5E}.Release|Any CPU.Build.0 = Release|Any CPU
		{C44148EA-5401-42C6-8A8A-E8DABD2580BD}.Debug|Any CPU.ActiveCfg = Debug|Any CPU
		{C44148EA-5401-42C6-8A8A-E8DABD2580BD}.Debug|Any CPU.Build.0 = Debug|Any CPU
		{C44148EA-5401-42C6-8A8A-E8DABD2580BD}.Release|Any CPU.ActiveCfg = Release|Any CPU
		{C44148EA-5401-42C6-8A8A-E8DABD2580BD}.Release|Any CPU.Build.0 = Release|Any CPU
	EndGlobalSection
	GlobalSection(SolutionProperties) = preSolution
		HideSolutionNode = FALSE
	EndGlobalSection
	GlobalSection(ExtensibilityGlobals) = postSolution
		SolutionGuid = {7C8FFA3B-3B5D-463A-BC52-E1EA1D61A9E8}
	EndGlobalSection
EndGlobal
